{
    "_meta": {
        "hash": {
            "sha256": "f04982180ce0e9903d3e6076984d34dbccc3ca80a9d2fdf97f54b7b888a47b17"
        },
        "pipfile-spec": 6,
        "requires": {
            "python_version": "3.8"
        },
        "sources": [
            {
                "name": "pypi",
                "url": "https://pypi.org/simple",
                "verify_ssl": true
            }
        ]
    },
    "default": {
        "asgiref": {
            "hashes": [
                "sha256:a5098bc870b80e7b872bff60bb363c7f2c2c89078759f6c47b53ff8c525a152e",
                "sha256:cd88907ecaec59d78e4ac00ea665b03e571cb37e3a0e37b3702af1a9e86c365a"
            ],
            "markers": "python_version >= '3.5'",
            "version": "==3.3.0"
        },
        "certifi": {
            "hashes": [
                "sha256:5930595817496dd21bb8dc35dad090f1c2cd0adfaf21204bf6732ca5d8ee34d3",
                "sha256:8fc0819f1f30ba15bdb34cceffb9ef04d99f420f68eb75d901e9560b8749fc41"
            ],
            "version": "==2020.6.20"
        },
        "chardet": {
            "hashes": [
                "sha256:84ab92ed1c4d4f16916e05906b6b75a6c0fb5db821cc65e70cbd64a3e2a5eaae",
                "sha256:fc323ffcaeaed0e0a02bf4d117757b98aed530d9ed4531e3e15460124c106691"
            ],
            "version": "==3.0.4"
        },
        "django": {
            "hashes": [
                "sha256:14a4b7cd77297fba516fc0d92444cc2e2e388aa9de32d7a68d4a83d58f5a4927",
                "sha256:14b87775ffedab2ef6299b73343d1b4b41e5d4e2aa58c6581f114dbec01e3f8f"
            ],
            "index": "pypi",
            "version": "==3.1.3"
        },
        "idna": {
            "hashes": [
                "sha256:b307872f855b18632ce0c21c5e45be78c0ea7ae4c15c828c20788b26921eb3f6",
                "sha256:b97d804b1e9b523befed77c48dacec60e6dcb0b5391d57af6a65a312a90648c0"
            ],
            "markers": "python_version >= '2.7' and python_version not in '3.0, 3.1, 3.2, 3.3'",
            "version": "==2.10"
        },
        "ptvsd": {
            "hashes": [
                "sha256:10745fbb788001959b4de405198d8bd5243611a88fb5a2e2c6800245bc0ddd74",
                "sha256:1d3d82ecc82186d099992a748556e6e54037f5c5e4d3fc9bba3e2302354be0d4",
                "sha256:20f48ffed42a6beb879c250d82662e175ad59cc46a29c95c6a4472ae413199c5",
                "sha256:22b699369a18ff28d4d1aa6a452739e50c7b7790cb16c6312d766e023c12fe27",
                "sha256:2bbc121bce3608501998afbe742f02b80e7d26b8fecd38f78b903f22f52a81d9",
                "sha256:3b05c06018fdbce5943c50fb0baac695b5c11326f9e21a5266c854306bda28ab",
                "sha256:3f839fe91d9ddca0d6a3a0afd6a1c824be1768498a737ab9333d084c5c3f3591",
                "sha256:459137736068bb02515040b2ed2738169cb30d69a38e0fd5dffcba255f41e68d",
                "sha256:58508485a1609a495dd45829bd6d219303cf9edef5ca1f01a9ed8ffaa87f390c",
                "sha256:612948a045fcf9c8931cd306972902440278f34de7ca684b49d4caeec9f1ec62",
                "sha256:70260b4591c07bff95566d49b6a5dc3051d8558035c43c847bad9a954def46bb",
                "sha256:72d114baa5737baf29c8068d1ccdd93cbb332d2030601c888eed0e3761b588d7",
                "sha256:90cbd082e7a9089664888d0d94aca760202f080133fca8f3fe65c48ed6b9e39d",
                "sha256:92d26aa7c8f7ffe41cb4b50a00846027027fa17acdf2d9dd8c24de77b25166c6",
                "sha256:b9970e3dc987eb2a6001af6c9d2f726dd6455cfc6d47e0f51925cbdee7ea2157",
                "sha256:c01204e3f025c3f7252c79c1a8a028246d29e3ef339e1a01ddf652999f47bdea",
                "sha256:c893fb9d1c2ef8f980cc00ced3fd90356f86d9f59b58ee97e0e7e622b8860f76",
                "sha256:c97c71835dde7e67fc7b06398bee1c012559a0784ebda9cf8acaf176c7ae766c",
                "sha256:ccc5c533135305709461f545feed5061c608714db38fa0f58e3f848a127b7fde",
                "sha256:cf09fd4d90c4c42ddd9bf853290f1a80bc2128993a3923bd3b96b68cc1acd03f",
                "sha256:d2662ec37ee049c0f8f2f9a378abeb7e570d9215c19eaf0a6d7189464195009f",
                "sha256:d9337ebba4d099698982e090b203e85670086c4b29cf1185b2e45cd353a8053e",
                "sha256:de5234bec74c47da668e1a1a21bcc9821af0cbb28b5153df78cd5abc744b29a2",
                "sha256:eda10ecd43daacc180a6fbe524992be76a877c3559e2b78016b4ada8fec10273",
                "sha256:fad06de012a78f277318d0c308dd3d7cc1f67167f3b2e1e2f7c6caf04c03440c"
            ],
            "index": "pypi",
            "version": "==4.3.2"
        },
        "pytz": {
            "hashes": [
                "sha256:3e6b7dd2d1e0a59084bcee14a17af60c5c562cdc16d828e8eba2e683d3a7e268",
                "sha256:5c55e189b682d420be27c6995ba6edce0c0a77dd67bfbe2ae6607134d5851ffd"
            ],
            "version": "==2020.4"
        },
        "requests": {
            "hashes": [
                "sha256:b3559a131db72c33ee969480840fff4bb6dd111de7dd27c8ee1f820f4f00231b",
                "sha256:fe75cc94a9443b9246fc7049224f75604b113c36acb93f87b80ed42c44cbb898"
            ],
            "index": "pypi",
            "version": "==2.24.0"
        },
        "sqlparse": {
            "hashes": [
                "sha256:017cde379adbd6a1f15a61873f43e8274179378e95ef3fede90b5aa64d304ed0",
                "sha256:0f91fd2e829c44362cbcfab3e9ae12e22badaa8a29ad5ff599f9ec109f0454e8"
            ],
            "markers": "python_version >= '3.5'",
            "version": "==0.4.1"
        },
        "urllib3": {
            "hashes": [
                "sha256:8d7eaa5a82a1cac232164990f04874c594c9453ec55eef02eab885aa02fc17a2",
                "sha256:f5321fbe4bf3fefa0efd0bfe7fb14e90909eb62a48ccda331726b4319897dd5e"
            ],
            "markers": "python_version >= '2.7' and python_version not in '3.0, 3.1, 3.2, 3.3, 3.4' and python_version < '4'",
            "version": "==1.25.11"
        }
    },
    "develop": {}
}
